
Microsoft Visual Studio Solution File, Format Version 12.00
# Visual Studio 15
Project("{FAE04EC0-301F-11D3-BF4B-00C04F79EFBC}") = "UnityEngine.UI", "UnityEngine.UI.csproj", "{F68B1A35-2B03-6816-B9F1-0F91D418B01C}"
EndProject
Project("{FAE04EC0-301F-11D3-BF4B-00C04F79EFBC}") = "FastSpringBone", "FastSpringBone.csproj", "{107860F5-4B89-2F26-433D-40B43D22EF91}"
EndProject
Project("{FAE04EC0-301F-11D3-BF4B-00C04F79EFBC}") = "UnityEngine.TestRunner", "UnityEngine.TestRunner.csproj", "{911DCD25-79CE-1C15-620F-CD809322B194}"
EndProject
Project("{FAE04EC0-301F-11D3-BF4B-00C04F79EFBC}") = "UniGLTF", "UniGLTF.csproj", "{DCE2552E-0133-BC21-BF21-08E3500DE584}"
EndProject
Project("{FAE04EC0-301F-11D3-BF4B-00C04F79EFBC}") = "Unity.Mathematics", "Unity.Mathematics.csproj", "{14C37186-6E7C-F84A-9FE6-8E4FE47FB9D9}"
EndProject
Project("{FAE04EC0-301F-11D3-BF4B-00C04F79EFBC}") = "Unity.Timeline", "Unity.Timeline.csproj", "{C8833CA4-0734-1F0E-0970-C2E85D817FE4}"
EndProject
Project("{FAE04EC0-301F-11D3-BF4B-00C04F79EFBC}") = "VRM", "VRM.csproj", "{638890B0-6B61-74B0-AF3C-6EE7D1CEC0D9}"
EndProject
Project("{FAE04EC0-301F-11D3-BF4B-00C04F79EFBC}") = "VRMShaders.GLTF.IO.Runtime", "VRMShaders.GLTF.IO.Runtime.csproj", "{D699F217-83D2-FD46-8C63-06F8A92458CA}"
EndProject
Project("{FAE04EC0-301F-11D3-BF4B-00C04F79EFBC}") = "VRMShaders.VRM10.MToon10.Runtime", "VRMShaders.VRM10.MToon10.Runtime.csproj", "{24FBE98E-47F4-F5A5-9825-63838BADFA6B}"
EndProject
Project("{FAE04EC0-301F-11D3-BF4B-00C04F79EFBC}") = "VRM10", "VRM10.csproj", "{41EC4764-804F-7722-3CC8-207BF31E4769}"
EndProject
Project("{FAE04EC0-301F-11D3-BF4B-00C04F79EFBC}") = "Assembly-CSharp", "Assembly-CSharp.csproj", "{A57152A9-AC75-5CC2-902F-F3CAB3FB7724}"
EndProject
Project("{FAE04EC0-301F-11D3-BF4B-00C04F79EFBC}") = "Unity.TextMeshPro", "Unity.TextMeshPro.csproj", "{57F97F0D-B8B2-D3F5-37F5-1D0CA703ABA9}"
EndProject
Project("{FAE04EC0-301F-11D3-BF4B-00C04F79EFBC}") = "Unity.Collections", "Unity.Collections.csproj", "{81C43823-5555-BB0C-F50C-C2872FCA6430}"
EndProject
Project("{FAE04EC0-301F-11D3-BF4B-00C04F79EFBC}") = "Unity.Burst", "Unity.Burst.csproj", "{4525E0D4-69E6-03A1-53B5-0584073D172C}"
EndProject
Project("{FAE04EC0-301F-11D3-BF4B-00C04F79EFBC}") = "UnityChan", "UnityChan.csproj", "{F1EF54D9-3F09-B7CC-C3CC-C2D2987A4FB1}"
EndProject
Project("{FAE04EC0-301F-11D3-BF4B-00C04F79EFBC}") = "uLipSync.Samples.RuntimeSetup.Runtime", "uLipSync.Samples.RuntimeSetup.Runtime.csproj", "{89BBA9C7-904F-D26E-B7B2-ACE149F52A2A}"
EndProject
Project("{FAE04EC0-301F-11D3-BF4B-00C04F79EFBC}") = "uLipSync.Runtime", "uLipSync.Runtime.csproj", "{58BAB2A9-960C-DC91-83FC-607F31C60B1A}"
EndProject
Project("{FAE04EC0-301F-11D3-BF4B-00C04F79EFBC}") = "UniHumanoid", "UniHumanoid.csproj", "{3DC719D3-3BDF-4A85-A017-AA26AE5A1072}"
EndProject
Project("{FAE04EC0-301F-11D3-BF4B-00C04F79EFBC}") = "FastSpringBone10", "FastSpringBone10.csproj", "{C8EBFBF2-003C-720D-B62E-1A7507FC895F}"
EndProject
Project("{FAE04EC0-301F-11D3-BF4B-00C04F79EFBC}") = "VrmLib", "VrmLib.csproj", "{1AA51CCD-232A-2F61-165C-B26AD3510E03}"
EndProject
Project("{FAE04EC0-301F-11D3-BF4B-00C04F79EFBC}") = "VRMShaders.GLTF.UniUnlit.Runtime", "VRMShaders.GLTF.UniUnlit.Runtime.csproj", "{D817117E-C073-8792-81C0-E3A02A1107E3}"
EndProject
Project("{FAE04EC0-301F-11D3-BF4B-00C04F79EFBC}") = "MToon", "MToon.csproj", "{33F6BF58-BA90-F4E4-23B5-CC5201E1A326}"
EndProject
Project("{FAE04EC0-301F-11D3-BF4B-00C04F79EFBC}") = "uLipSync.Samples.Common", "uLipSync.Samples.Common.csproj", "{5714DE42-473F-3AAD-36F1-1B27F1AE58E0}"
EndProject
Project("{FAE04EC0-301F-11D3-BF4B-00C04F79EFBC}") = "VRM10.Tests.PlayMode", "VRM10.Tests.PlayMode.csproj", "{577195AC-7CC9-4AAE-4867-0F377FE8BE75}"
EndProject
Project("{FAE04EC0-301F-11D3-BF4B-00C04F79EFBC}") = "Unity.Jobs", "Unity.Jobs.csproj", "{CC827086-8C33-341E-0161-BCB3A8ACC943}"
EndProject
Project("{FAE04EC0-301F-11D3-BF4B-00C04F79EFBC}") = "VRMShaders.VRM.IO.Runtime", "VRMShaders.VRM.IO.Runtime.csproj", "{99E925CD-B462-AA07-4361-EFBD04868950}"
EndProject
Project("{FAE04EC0-301F-11D3-BF4B-00C04F79EFBC}") = "uLipSync.Samples.VRM.Runtime", "uLipSync.Samples.VRM.Runtime.csproj", "{3FBC9614-C88B-EFA5-5A9B-792D2D8D33CC}"
EndProject
Project("{FAE04EC0-301F-11D3-BF4B-00C04F79EFBC}") = "VRMShaders.VRM10.Format.Runtime", "VRMShaders.VRM10.Format.Runtime.csproj", "{358843AC-D6BB-0C2B-A62E-24AFC995CA0E}"
EndProject
Project("{FAE04EC0-301F-11D3-BF4B-00C04F79EFBC}") = "UniGLTF.Utils", "UniGLTF.Utils.csproj", "{DCDB02E7-51EA-7079-F28E-F2692E8069E8}"
EndProject
Project("{FAE04EC0-301F-11D3-BF4B-00C04F79EFBC}") = "UnityEditor.TestRunner", "UnityEditor.TestRunner.csproj", "{44ADCB88-6A9D-4560-0B7E-D240DCDEF66F}"
EndProject
Project("{FAE04EC0-301F-11D3-BF4B-00C04F79EFBC}") = "UnityEditor.UI", "UnityEditor.UI.csproj", "{4A67F001-0D5A-1566-DCBA-C886DC09D46A}"
EndProject
Project("{FAE04EC0-301F-11D3-BF4B-00C04F79EFBC}") = "VRM.Tests", "VRM.Tests.csproj", "{5A6FB675-BD2E-8D04-2092-12E9CB14F49B}"
EndProject
Project("{FAE04EC0-301F-11D3-BF4B-00C04F79EFBC}") = "Unity.Timeline.Editor", "Unity.Timeline.Editor.csproj", "{703A8E1F-76F0-EF47-E6F4-6A5F841039B4}"
EndProject
Project("{FAE04EC0-301F-11D3-BF4B-00C04F79EFBC}") = "Unity.VisualStudio.Editor", "Unity.VisualStudio.Editor.csproj", "{0A21DD30-6EDD-028D-C7B2-46FDE2BB1949}"
EndProject
Project("{FAE04EC0-301F-11D3-BF4B-00C04F79EFBC}") = "VRMShaders.GLTF.IO.Tests", "VRMShaders.GLTF.IO.Tests.csproj", "{B609A1F9-D94A-46DD-92DC-514170082CF2}"
EndProject
Project("{FAE04EC0-301F-11D3-BF4B-00C04F79EFBC}") = "Unity.TextMeshPro.Editor", "Unity.TextMeshPro.Editor.csproj", "{EEEC970F-1613-A74A-D0BF-5D216D519133}"
EndProject
Project("{FAE04EC0-301F-11D3-BF4B-00C04F79EFBC}") = "UniGLTF.Tests", "UniGLTF.Tests.csproj", "{6F9FEB0D-DB06-99D1-AA88-9A969D8BE881}"
EndProject
Project("{FAE04EC0-301F-11D3-BF4B-00C04F79EFBC}") = "Unity.Rider.Editor", "Unity.Rider.Editor.csproj", "{C0D7A14D-BA53-FF98-FEDA-C1240B0F3EA3}"
EndProject
Project("{FAE04EC0-301F-11D3-BF4B-00C04F79EFBC}") = "UniGLTF.Editor", "UniGLTF.Editor.csproj", "{4D2AFC90-A873-14AB-C389-70587EDB04A4}"
EndProject
Project("{FAE04EC0-301F-11D3-BF4B-00C04F79EFBC}") = "UniVRM.Editor", "UniVRM.Editor.csproj", "{9A538CB7-632D-0A72-D4FC-075EDD4E7181}"
EndProject
Project("{FAE04EC0-301F-11D3-BF4B-00C04F79EFBC}") = "Unity.Collections.BurstCompatibilityGen", "Unity.Collections.BurstCompatibilityGen.csproj", "{3B0230AA-984E-1C1F-25C7-533D91299E0F}"
EndProject
Project("{FAE04EC0-301F-11D3-BF4B-00C04F79EFBC}") = "VRMShaders.GLTF.UniUnlit.Editor", "VRMShaders.GLTF.UniUnlit.Editor.csproj", "{E0BF6224-FE0F-3028-1378-3B5FD8713AC6}"
EndProject
Project("{FAE04EC0-301F-11D3-BF4B-00C04F79EFBC}") = "VRM10.Tests", "VRM10.Tests.csproj", "{E9A6E81B-C47C-960B-08F6-647283B889BB}"
EndProject
Project("{FAE04EC0-301F-11D3-BF4B-00C04F79EFBC}") = "VRM10.Editor", "VRM10.Editor.csproj", "{20C56D04-4A54-CB70-64FF-DA058A365A54}"
EndProject
Project("{FAE04EC0-301F-11D3-BF4B-00C04F79EFBC}") = "UniHumanoid.Editor", "UniHumanoid.Editor.csproj", "{2B3106A3-B7D8-C16F-D424-19274044615D}"
EndProject
Project("{FAE04EC0-301F-11D3-BF4B-00C04F79EFBC}") = "Unity.Burst.Editor", "Unity.Burst.Editor.csproj", "{59741BC8-8ADD-92B7-9687-6DFAE32974DC}"
EndProject
Project("{FAE04EC0-301F-11D3-BF4B-00C04F79EFBC}") = "Unity.Collections.Editor", "Unity.Collections.Editor.csproj", "{2CC8E2FD-DF40-7745-87C3-00C79C001E50}"
EndProject
Project("{FAE04EC0-301F-11D3-BF4B-00C04F79EFBC}") = "Unity.Burst.CodeGen", "Unity.Burst.CodeGen.csproj", "{381CFE9E-CB1F-29EA-9F9D-0E8AC02A9FB0}"
EndProject
Project("{FAE04EC0-301F-11D3-BF4B-00C04F79EFBC}") = "uLipSync.Editor", "uLipSync.Editor.csproj", "{13D8B800-0D3C-E97E-1607-536D51EC36B7}"
EndProject
Project("{FAE04EC0-301F-11D3-BF4B-00C04F79EFBC}") = "Unity.VSCode.Editor", "Unity.VSCode.Editor.csproj", "{4B2BF28D-27F1-19D3-D3EF-83F369FC6E07}"
EndProject
Project("{FAE04EC0-301F-11D3-BF4B-00C04F79EFBC}") = "VrmLibTests", "VrmLibTests.csproj", "{49482AD8-E34C-1D1A-FF20-EE270C035C3E}"
EndProject
Project("{FAE04EC0-301F-11D3-BF4B-00C04F79EFBC}") = "Unity.Collections.DocCodeSamples", "Unity.Collections.DocCodeSamples.csproj", "{29F76A06-E567-9B32-01C1-DF07F35EB423}"
EndProject
Project("{FAE04EC0-301F-11D3-BF4B-00C04F79EFBC}") = "Unity.Collections.CodeGen", "Unity.Collections.CodeGen.csproj", "{84925355-D291-93F4-4C4F-3657ECA6E707}"
EndProject
Project("{FAE04EC0-301F-11D3-BF4B-00C04F79EFBC}") = "Unity.Mathematics.Editor", "Unity.Mathematics.Editor.csproj", "{AC9D9F01-3A20-9F1D-A8BF-C31EC34908F2}"
EndProject
Project("{FAE04EC0-301F-11D3-BF4B-00C04F79EFBC}") = "VRMShaders.VRM10.MToon10.Tests", "VRMShaders.VRM10.MToon10.Tests.csproj", "{ED76C248-4DC7-D924-7E32-63015EFD695D}"
EndProject
Project("{FAE04EC0-301F-11D3-BF4B-00C04F79EFBC}") = "VRMShaders.VRM10.MToon10.Editor", "VRMShaders.VRM10.MToon10.Editor.csproj", "{1FD8FB6E-9B6A-A25F-F433-17AA3ECF633B}"
EndProject
Project("{FAE04EC0-301F-11D3-BF4B-00C04F79EFBC}") = "UniHumanoid.Editor.Tests", "UniHumanoid.Editor.Tests.csproj", "{BCBF954F-BB62-4B4D-6CE9-A2F0D1409D2B}"
EndProject
Project("{FAE04EC0-301F-11D3-BF4B-00C04F79EFBC}") = "MToon.Editor", "MToon.Editor.csproj", "{910179DE-62EE-EF9C-C9F0-7EB3FBC02184}"
EndProject
Project("{FAE04EC0-301F-11D3-BF4B-00C04F79EFBC}") = "VRM.Samples.Editor.Tests", "VRM.Samples.Editor.Tests.csproj", "{88E015D5-E091-F384-EAEB-C46C8BF1F9E4}"
EndProject
Project("{FAE04EC0-301F-11D3-BF4B-00C04F79EFBC}") = "VRMShaders.GLTF.IO.Editor", "VRMShaders.GLTF.IO.Editor.csproj", "{8EB2A40D-B37D-9122-90C8-20D1000258B1}"
EndProject
Project("{FAE04EC0-301F-11D3-BF4B-00C04F79EFBC}") = "uLipSync.Samples.VRM.Editor", "uLipSync.Samples.VRM.Editor.csproj", "{0E3B17AC-0029-74E1-1976-1A2DE7D4A6D4}"
EndProject
Project("{FAE04EC0-301F-11D3-BF4B-00C04F79EFBC}") = "Unity.Jobs.CodeGen", "Unity.Jobs.CodeGen.csproj", "{CC6910C7-0266-8A6F-7AB2-6E51070CD376}"
EndProject
Global
	GlobalSection(SolutionConfigurationPlatforms) = preSolution
		Debug|Any CPU = Debug|Any CPU
		Release|Any CPU = Release|Any CPU
	EndGlobalSection
	GlobalSection(ProjectConfigurationPlatforms) = postSolution
		{F68B1A35-2B03-6816-B9F1-0F91D418B01C}.Debug|Any CPU.ActiveCfg = Debug|Any CPU
		{F68B1A35-2B03-6816-B9F1-0F91D418B01C}.Debug|Any CPU.Build.0 = Debug|Any CPU
		{F68B1A35-2B03-6816-B9F1-0F91D418B01C}.Release|Any CPU.ActiveCfg = Release|Any CPU
		{F68B1A35-2B03-6816-B9F1-0F91D418B01C}.Release|Any CPU.Build.0 = Release|Any CPU
		{107860F5-4B89-2F26-433D-40B43D22EF91}.Debug|Any CPU.ActiveCfg = Debug|Any CPU
		{107860F5-4B89-2F26-433D-40B43D22EF91}.Debug|Any CPU.Build.0 = Debug|Any CPU
		{107860F5-4B89-2F26-433D-40B43D22EF91}.Release|Any CPU.ActiveCfg = Release|Any CPU
		{107860F5-4B89-2F26-433D-40B43D22EF91}.Release|Any CPU.Build.0 = Release|Any CPU
		{911DCD25-79CE-1C15-620F-CD809322B194}.Debug|Any CPU.ActiveCfg = Debug|Any CPU
		{911DCD25-79CE-1C15-620F-CD809322B194}.Debug|Any CPU.Build.0 = Debug|Any CPU
		{911DCD25-79CE-1C15-620F-CD809322B194}.Release|Any CPU.ActiveCfg = Release|Any CPU
		{911DCD25-79CE-1C15-620F-CD809322B194}.Release|Any CPU.Build.0 = Release|Any CPU
		{DCE2552E-0133-BC21-BF21-08E3500DE584}.Debug|Any CPU.ActiveCfg = Debug|Any CPU
		{DCE2552E-0133-BC21-BF21-08E3500DE584}.Debug|Any CPU.Build.0 = Debug|Any CPU
		{DCE2552E-0133-BC21-BF21-08E3500DE584}.Release|Any CPU.ActiveCfg = Release|Any CPU
		{DCE2552E-0133-BC21-BF21-08E3500DE584}.Release|Any CPU.Build.0 = Release|Any CPU
		{14C37186-6E7C-F84A-9FE6-8E4FE47FB9D9}.Debug|Any CPU.ActiveCfg = Debug|Any CPU
		{14C37186-6E7C-F84A-9FE6-8E4FE47FB9D9}.Debug|Any CPU.Build.0 = Debug|Any CPU
		{14C37186-6E7C-F84A-9FE6-8E4FE47FB9D9}.Release|Any CPU.ActiveCfg = Release|Any CPU
		{14C37186-6E7C-F84A-9FE6-8E4FE47FB9D9}.Release|Any CPU.Build.0 = Release|Any CPU
		{C8833CA4-0734-1F0E-0970-C2E85D817FE4}.Debug|Any CPU.ActiveCfg = Debug|Any CPU
		{C8833CA4-0734-1F0E-0970-C2E85D817FE4}.Debug|Any CPU.Build.0 = Debug|Any CPU
		{C8833CA4-0734-1F0E-0970-C2E85D817FE4}.Release|Any CPU.ActiveCfg = Release|Any CPU
		{C8833CA4-0734-1F0E-0970-C2E85D817FE4}.Release|Any CPU.Build.0 = Release|Any CPU
		{638890B0-6B61-74B0-AF3C-6EE7D1CEC0D9}.Debug|Any CPU.ActiveCfg = Debug|Any CPU
		{638890B0-6B61-74B0-AF3C-6EE7D1CEC0D9}.Debug|Any CPU.Build.0 = Debug|Any CPU
		{638890B0-6B61-74B0-AF3C-6EE7D1CEC0D9}.Release|Any CPU.ActiveCfg = Release|Any CPU
		{638890B0-6B61-74B0-AF3C-6EE7D1CEC0D9}.Release|Any CPU.Build.0 = Release|Any CPU
		{D699F217-83D2-FD46-8C63-06F8A92458CA}.Debug|Any CPU.ActiveCfg = Debug|Any CPU
		{D699F217-83D2-FD46-8C63-06F8A92458CA}.Debug|Any CPU.Build.0 = Debug|Any CPU
		{D699F217-83D2-FD46-8C63-06F8A92458CA}.Release|Any CPU.ActiveCfg = Release|Any CPU
		{D699F217-83D2-FD46-8C63-06F8A92458CA}.Release|Any CPU.Build.0 = Release|Any CPU
		{24FBE98E-47F4-F5A5-9825-63838BADFA6B}.Debug|Any CPU.ActiveCfg = Debug|Any CPU
		{24FBE98E-47F4-F5A5-9825-63838BADFA6B}.Debug|Any CPU.Build.0 = Debug|Any CPU
		{24FBE98E-47F4-F5A5-9825-63838BADFA6B}.Release|Any CPU.ActiveCfg = Release|Any CPU
		{24FBE98E-47F4-F5A5-9825-63838BADFA6B}.Release|Any CPU.Build.0 = Release|Any CPU
		{41EC4764-804F-7722-3CC8-207BF31E4769}.Debug|Any CPU.ActiveCfg = Debug|Any CPU
		{41EC4764-804F-7722-3CC8-207BF31E4769}.Debug|Any CPU.Build.0 = Debug|Any CPU
		{41EC4764-804F-7722-3CC8-207BF31E4769}.Release|Any CPU.ActiveCfg = Release|Any CPU
		{41EC4764-804F-7722-3CC8-207BF31E4769}.Release|Any CPU.Build.0 = Release|Any CPU
		{A57152A9-AC75-5CC2-902F-F3CAB3FB7724}.Debug|Any CPU.ActiveCfg = Debug|Any CPU
		{A57152A9-AC75-5CC2-902F-F3CAB3FB7724}.Debug|Any CPU.Build.0 = Debug|Any CPU
		{A57152A9-AC75-5CC2-902F-F3CAB3FB7724}.Release|Any CPU.ActiveCfg = Release|Any CPU
		{A57152A9-AC75-5CC2-902F-F3CAB3FB7724}.Release|Any CPU.Build.0 = Release|Any CPU
		{57F97F0D-B8B2-D3F5-37F5-1D0CA703ABA9}.Debug|Any CPU.ActiveCfg = Debug|Any CPU
		{57F97F0D-B8B2-D3F5-37F5-1D0CA703ABA9}.Debug|Any CPU.Build.0 = Debug|Any CPU
		{57F97F0D-B8B2-D3F5-37F5-1D0CA703ABA9}.Release|Any CPU.ActiveCfg = Release|Any CPU
		{57F97F0D-B8B2-D3F5-37F5-1D0CA703ABA9}.Release|Any CPU.Build.0 = Release|Any CPU
		{81C43823-5555-BB0C-F50C-C2872FCA6430}.Debug|Any CPU.ActiveCfg = Debug|Any CPU
		{81C43823-5555-BB0C-F50C-C2872FCA6430}.Debug|Any CPU.Build.0 = Debug|Any CPU
		{81C43823-5555-BB0C-F50C-C2872FCA6430}.Release|Any CPU.ActiveCfg = Release|Any CPU
		{81C43823-5555-BB0C-F50C-C2872FCA6430}.Release|Any CPU.Build.0 = Release|Any CPU
		{4525E0D4-69E6-03A1-53B5-0584073D172C}.Debug|Any CPU.ActiveCfg = Debug|Any CPU
		{4525E0D4-69E6-03A1-53B5-0584073D172C}.Debug|Any CPU.Build.0 = Debug|Any CPU
		{4525E0D4-69E6-03A1-53B5-0584073D172C}.Release|Any CPU.ActiveCfg = Release|Any CPU
		{4525E0D4-69E6-03A1-53B5-0584073D172C}.Release|Any CPU.Build.0 = Release|Any CPU
		{F1EF54D9-3F09-B7CC-C3CC-C2D2987A4FB1}.Debug|Any CPU.ActiveCfg = Debug|Any CPU
		{F1EF54D9-3F09-B7CC-C3CC-C2D2987A4FB1}.Debug|Any CPU.Build.0 = Debug|Any CPU
		{F1EF54D9-3F09-B7CC-C3CC-C2D2987A4FB1}.Release|Any CPU.ActiveCfg = Release|Any CPU
		{F1EF54D9-3F09-B7CC-C3CC-C2D2987A4FB1}.Release|Any CPU.Build.0 = Release|Any CPU
		{89BBA9C7-904F-D26E-B7B2-ACE149F52A2A}.Debug|Any CPU.ActiveCfg = Debug|Any CPU
		{89BBA9C7-904F-D26E-B7B2-ACE149F52A2A}.Debug|Any CPU.Build.0 = Debug|Any CPU
		{89BBA9C7-904F-D26E-B7B2-ACE149F52A2A}.Release|Any CPU.ActiveCfg = Release|Any CPU
		{89BBA9C7-904F-D26E-B7B2-ACE149F52A2A}.Release|Any CPU.Build.0 = Release|Any CPU
		{58BAB2A9-960C-DC91-83FC-607F31C60B1A}.Debug|Any CPU.ActiveCfg = Debug|Any CPU
		{58BAB2A9-960C-DC91-83FC-607F31C60B1A}.Debug|Any CPU.Build.0 = Debug|Any CPU
		{58BAB2A9-960C-DC91-83FC-607F31C60B1A}.Release|Any CPU.ActiveCfg = Release|Any CPU
		{58BAB2A9-960C-DC91-83FC-607F31C60B1A}.Release|Any CPU.Build.0 = Release|Any CPU
		{3DC719D3-3BDF-4A85-A017-AA26AE5A1072}.Debug|Any CPU.ActiveCfg = Debug|Any CPU
		{3DC719D3-3BDF-4A85-A017-AA26AE5A1072}.Debug|Any CPU.Build.0 = Debug|Any CPU
		{3DC719D3-3BDF-4A85-A017-AA26AE5A1072}.Release|Any CPU.ActiveCfg = Release|Any CPU
		{3DC719D3-3BDF-4A85-A017-AA26AE5A1072}.Release|Any CPU.Build.0 = Release|Any CPU
		{C8EBFBF2-003C-720D-B62E-1A7507FC895F}.Debug|Any CPU.ActiveCfg = Debug|Any CPU
		{C8EBFBF2-003C-720D-B62E-1A7507FC895F}.Debug|Any CPU.Build.0 = Debug|Any CPU
		{C8EBFBF2-003C-720D-B62E-1A7507FC895F}.Release|Any CPU.ActiveCfg = Release|Any CPU
		{C8EBFBF2-003C-720D-B62E-1A7507FC895F}.Release|Any CPU.Build.0 = Release|Any CPU
		{1AA51CCD-232A-2F61-165C-B26AD3510E03}.Debug|Any CPU.ActiveCfg = Debug|Any CPU
		{1AA51CCD-232A-2F61-165C-B26AD3510E03}.Debug|Any CPU.Build.0 = Debug|Any CPU
		{1AA51CCD-232A-2F61-165C-B26AD3510E03}.Release|Any CPU.ActiveCfg = Release|Any CPU
		{1AA51CCD-232A-2F61-165C-B26AD3510E03}.Release|Any CPU.Build.0 = Release|Any CPU
		{D817117E-C073-8792-81C0-E3A02A1107E3}.Debug|Any CPU.ActiveCfg = Debug|Any CPU
		{D817117E-C073-8792-81C0-E3A02A1107E3}.Debug|Any CPU.Build.0 = Debug|Any CPU
		{D817117E-C073-8792-81C0-E3A02A1107E3}.Release|Any CPU.ActiveCfg = Release|Any CPU
		{D817117E-C073-8792-81C0-E3A02A1107E3}.Release|Any CPU.Build.0 = Release|Any CPU
		{33F6BF58-BA90-F4E4-23B5-CC5201E1A326}.Debug|Any CPU.ActiveCfg = Debug|Any CPU
		{33F6BF58-BA90-F4E4-23B5-CC5201E1A326}.Debug|Any CPU.Build.0 = Debug|Any CPU
		{33F6BF58-BA90-F4E4-23B5-CC5201E1A326}.Release|Any CPU.ActiveCfg = Release|Any CPU
		{33F6BF58-BA90-F4E4-23B5-CC5201E1A326}.Release|Any CPU.Build.0 = Release|Any CPU
		{5714DE42-473F-3AAD-36F1-1B27F1AE58E0}.Debug|Any CPU.ActiveCfg = Debug|Any CPU
		{5714DE42-473F-3AAD-36F1-1B27F1AE58E0}.Debug|Any CPU.Build.0 = Debug|Any CPU
		{5714DE42-473F-3AAD-36F1-1B27F1AE58E0}.Release|Any CPU.ActiveCfg = Release|Any CPU
		{5714DE42-473F-3AAD-36F1-1B27F1AE58E0}.Release|Any CPU.Build.0 = Release|Any CPU
		{577195AC-7CC9-4AAE-4867-0F377FE8BE75}.Debug|Any CPU.ActiveCfg = Debug|Any CPU
		{577195AC-7CC9-4AAE-4867-0F377FE8BE75}.Debug|Any CPU.Build.0 = Debug|Any CPU
		{577195AC-7CC9-4AAE-4867-0F377FE8BE75}.Release|Any CPU.ActiveCfg = Release|Any CPU
		{577195AC-7CC9-4AAE-4867-0F377FE8BE75}.Release|Any CPU.Build.0 = Release|Any CPU
		{CC827086-8C33-341E-0161-BCB3A8ACC943}.Debug|Any CPU.ActiveCfg = Debug|Any CPU
		{CC827086-8C33-341E-0161-BCB3A8ACC943}.Debug|Any CPU.Build.0 = Debug|Any CPU
		{CC827086-8C33-341E-0161-BCB3A8ACC943}.Release|Any CPU.ActiveCfg = Release|Any CPU
		{CC827086-8C33-341E-0161-BCB3A8ACC943}.Release|Any CPU.Build.0 = Release|Any CPU
		{99E925CD-B462-AA07-4361-EFBD04868950}.Debug|Any CPU.ActiveCfg = Debug|Any CPU
		{99E925CD-B462-AA07-4361-EFBD04868950}.Debug|Any CPU.Build.0 = Debug|Any CPU
		{99E925CD-B462-AA07-4361-EFBD04868950}.Release|Any CPU.ActiveCfg = Release|Any CPU
		{99E925CD-B462-AA07-4361-EFBD04868950}.Release|Any CPU.Build.0 = Release|Any CPU
		{3FBC9614-C88B-EFA5-5A9B-792D2D8D33CC}.Debug|Any CPU.ActiveCfg = Debug|Any CPU
		{3FBC9614-C88B-EFA5-5A9B-792D2D8D33CC}.Debug|Any CPU.Build.0 = Debug|Any CPU
		{3FBC9614-C88B-EFA5-5A9B-792D2D8D33CC}.Release|Any CPU.ActiveCfg = Release|Any CPU
		{3FBC9614-C88B-EFA5-5A9B-792D2D8D33CC}.Release|Any CPU.Build.0 = Release|Any CPU
		{358843AC-D6BB-0C2B-A62E-24AFC995CA0E}.Debug|Any CPU.ActiveCfg = Debug|Any CPU
		{358843AC-D6BB-0C2B-A62E-24AFC995CA0E}.Debug|Any CPU.Build.0 = Debug|Any CPU
		{358843AC-D6BB-0C2B-A62E-24AFC995CA0E}.Release|Any CPU.ActiveCfg = Release|Any CPU
		{358843AC-D6BB-0C2B-A62E-24AFC995CA0E}.Release|Any CPU.Build.0 = Release|Any CPU
		{DCDB02E7-51EA-7079-F28E-F2692E8069E8}.Debug|Any CPU.ActiveCfg = Debug|Any CPU
		{DCDB02E7-51EA-7079-F28E-F2692E8069E8}.Debug|Any CPU.Build.0 = Debug|Any CPU
		{DCDB02E7-51EA-7079-F28E-F2692E8069E8}.Release|Any CPU.ActiveCfg = Release|Any CPU
		{DCDB02E7-51EA-7079-F28E-F2692E8069E8}.Release|Any CPU.Build.0 = Release|Any CPU
		{44ADCB88-6A9D-4560-0B7E-D240DCDEF66F}.Debug|Any CPU.ActiveCfg = Debug|Any CPU
		{44ADCB88-6A9D-4560-0B7E-D240DCDEF66F}.Debug|Any CPU.Build.0 = Debug|Any CPU
		{44ADCB88-6A9D-4560-0B7E-D240DCDEF66F}.Release|Any CPU.ActiveCfg = Release|Any CPU
		{44ADCB88-6A9D-4560-0B7E-D240DCDEF66F}.Release|Any CPU.Build.0 = Release|Any CPU
		{4A67F001-0D5A-1566-DCBA-C886DC09D46A}.Debug|Any CPU.ActiveCfg = Debug|Any CPU
		{4A67F001-0D5A-1566-DCBA-C886DC09D46A}.Debug|Any CPU.Build.0 = Debug|Any CPU
		{4A67F001-0D5A-1566-DCBA-C886DC09D46A}.Release|Any CPU.ActiveCfg = Release|Any CPU
		{4A67F001-0D5A-1566-DCBA-C886DC09D46A}.Release|Any CPU.Build.0 = Release|Any CPU
		{5A6FB675-BD2E-8D04-2092-12E9CB14F49B}.Debug|Any CPU.ActiveCfg = Debug|Any CPU
		{5A6FB675-BD2E-8D04-2092-12E9CB14F49B}.Debug|Any CPU.Build.0 = Debug|Any CPU
		{5A6FB675-BD2E-8D04-2092-12E9CB14F49B}.Release|Any CPU.ActiveCfg = Release|Any CPU
		{5A6FB675-BD2E-8D04-2092-12E9CB14F49B}.Release|Any CPU.Build.0 = Release|Any CPU
		{703A8E1F-76F0-EF47-E6F4-6A5F841039B4}.Debug|Any CPU.ActiveCfg = Debug|Any CPU
		{703A8E1F-76F0-EF47-E6F4-6A5F841039B4}.Debug|Any CPU.Build.0 = Debug|Any CPU
		{703A8E1F-76F0-EF47-E6F4-6A5F841039B4}.Release|Any CPU.ActiveCfg = Release|Any CPU
		{703A8E1F-76F0-EF47-E6F4-6A5F841039B4}.Release|Any CPU.Build.0 = Release|Any CPU
		{0A21DD30-6EDD-028D-C7B2-46FDE2BB1949}.Debug|Any CPU.ActiveCfg = Debug|Any CPU
		{0A21DD30-6EDD-028D-C7B2-46FDE2BB1949}.Debug|Any CPU.Build.0 = Debug|Any CPU
		{0A21DD30-6EDD-028D-C7B2-46FDE2BB1949}.Release|Any CPU.ActiveCfg = Release|Any CPU
		{0A21DD30-6EDD-028D-C7B2-46FDE2BB1949}.Release|Any CPU.Build.0 = Release|Any CPU
		{B609A1F9-D94A-46DD-92DC-514170082CF2}.Debug|Any CPU.ActiveCfg = Debug|Any CPU
		{B609A1F9-D94A-46DD-92DC-514170082CF2}.Debug|Any CPU.Build.0 = Debug|Any CPU
		{B609A1F9-D94A-46DD-92DC-514170082CF2}.Release|Any CPU.ActiveCfg = Release|Any CPU
		{B609A1F9-D94A-46DD-92DC-514170082CF2}.Release|Any CPU.Build.0 = Release|Any CPU
		{EEEC970F-1613-A74A-D0BF-5D216D519133}.Debug|Any CPU.ActiveCfg = Debug|Any CPU
		{EEEC970F-1613-A74A-D0BF-5D216D519133}.Debug|Any CPU.Build.0 = Debug|Any CPU
		{EEEC970F-1613-A74A-D0BF-5D216D519133}.Release|Any CPU.ActiveCfg = Release|Any CPU
		{EEEC970F-1613-A74A-D0BF-5D216D519133}.Release|Any CPU.Build.0 = Release|Any CPU
		{6F9FEB0D-DB06-99D1-AA88-9A969D8BE881}.Debug|Any CPU.ActiveCfg = Debug|Any CPU
		{6F9FEB0D-DB06-99D1-AA88-9A969D8BE881}.Debug|Any CPU.Build.0 = Debug|Any CPU
		{6F9FEB0D-DB06-99D1-AA88-9A969D8BE881}.Release|Any CPU.ActiveCfg = Release|Any CPU
		{6F9FEB0D-DB06-99D1-AA88-9A969D8BE881}.Release|Any CPU.Build.0 = Release|Any CPU
		{C0D7A14D-BA53-FF98-FEDA-C1240B0F3EA3}.Debug|Any CPU.ActiveCfg = Debug|Any CPU
		{C0D7A14D-BA53-FF98-FEDA-C1240B0F3EA3}.Debug|Any CPU.Build.0 = Debug|Any CPU
		{C0D7A14D-BA53-FF98-FEDA-C1240B0F3EA3}.Release|Any CPU.ActiveCfg = Release|Any CPU
		{C0D7A14D-BA53-FF98-FEDA-C1240B0F3EA3}.Release|Any CPU.Build.0 = Release|Any CPU
		{4D2AFC90-A873-14AB-C389-70587EDB04A4}.Debug|Any CPU.ActiveCfg = Debug|Any CPU
		{4D2AFC90-A873-14AB-C389-70587EDB04A4}.Debug|Any CPU.Build.0 = Debug|Any CPU
		{4D2AFC90-A873-14AB-C389-70587EDB04A4}.Release|Any CPU.ActiveCfg = Release|Any CPU
		{4D2AFC90-A873-14AB-C389-70587EDB04A4}.Release|Any CPU.Build.0 = Release|Any CPU
		{9A538CB7-632D-0A72-D4FC-075EDD4E7181}.Debug|Any CPU.ActiveCfg = Debug|Any CPU
		{9A538CB7-632D-0A72-D4FC-075EDD4E7181}.Debug|Any CPU.Build.0 = Debug|Any CPU
		{9A538CB7-632D-0A72-D4FC-075EDD4E7181}.Release|Any CPU.ActiveCfg = Release|Any CPU
		{9A538CB7-632D-0A72-D4FC-075EDD4E7181}.Release|Any CPU.Build.0 = Release|Any CPU
		{3B0230AA-984E-1C1F-25C7-533D91299E0F}.Debug|Any CPU.ActiveCfg = Debug|Any CPU
		{3B0230AA-984E-1C1F-25C7-533D91299E0F}.Debug|Any CPU.Build.0 = Debug|Any CPU
		{3B0230AA-984E-1C1F-25C7-533D91299E0F}.Release|Any CPU.ActiveCfg = Release|Any CPU
		{3B0230AA-984E-1C1F-25C7-533D91299E0F}.Release|Any CPU.Build.0 = Release|Any CPU
		{E0BF6224-FE0F-3028-1378-3B5FD8713AC6}.Debug|Any CPU.ActiveCfg = Debug|Any CPU
		{E0BF6224-FE0F-3028-1378-3B5FD8713AC6}.Debug|Any CPU.Build.0 = Debug|Any CPU
		{E0BF6224-FE0F-3028-1378-3B5FD8713AC6}.Release|Any CPU.ActiveCfg = Release|Any CPU
		{E0BF6224-FE0F-3028-1378-3B5FD8713AC6}.Release|Any CPU.Build.0 = Release|Any CPU
		{E9A6E81B-C47C-960B-08F6-647283B889BB}.Debug|Any CPU.ActiveCfg = Debug|Any CPU
		{E9A6E81B-C47C-960B-08F6-647283B889BB}.Debug|Any CPU.Build.0 = Debug|Any CPU
		{E9A6E81B-C47C-960B-08F6-647283B889BB}.Release|Any CPU.ActiveCfg = Release|Any CPU
		{E9A6E81B-C47C-960B-08F6-647283B889BB}.Release|Any CPU.Build.0 = Release|Any CPU
		{20C56D04-4A54-CB70-64FF-DA058A365A54}.Debug|Any CPU.ActiveCfg = Debug|Any CPU
		{20C56D04-4A54-CB70-64FF-DA058A365A54}.Debug|Any CPU.Build.0 = Debug|Any CPU
		{20C56D04-4A54-CB70-64FF-DA058A365A54}.Release|Any CPU.ActiveCfg = Release|Any CPU
		{20C56D04-4A54-CB70-64FF-DA058A365A54}.Release|Any CPU.Build.0 = Release|Any CPU
		{2B3106A3-B7D8-C16F-D424-19274044615D}.Debug|Any CPU.ActiveCfg = Debug|Any CPU
		{2B3106A3-B7D8-C16F-D424-19274044615D}.Debug|Any CPU.Build.0 = Debug|Any CPU
		{2B3106A3-B7D8-C16F-D424-19274044615D}.Release|Any CPU.ActiveCfg = Release|Any CPU
		{2B3106A3-B7D8-C16F-D424-19274044615D}.Release|Any CPU.Build.0 = Release|Any CPU
		{59741BC8-8ADD-92B7-9687-6DFAE32974DC}.Debug|Any CPU.ActiveCfg = Debug|Any CPU
		{59741BC8-8ADD-92B7-9687-6DFAE32974DC}.Debug|Any CPU.Build.0 = Debug|Any CPU
		{59741BC8-8ADD-92B7-9687-6DFAE32974DC}.Release|Any CPU.ActiveCfg = Release|Any CPU
		{59741BC8-8ADD-92B7-9687-6DFAE32974DC}.Release|Any CPU.Build.0 = Release|Any CPU
		{2CC8E2FD-DF40-7745-87C3-00C79C001E50}.Debug|Any CPU.ActiveCfg = Debug|Any CPU
		{2CC8E2FD-DF40-7745-87C3-00C79C001E50}.Debug|Any CPU.Build.0 = Debug|Any CPU
		{2CC8E2FD-DF40-7745-87C3-00C79C001E50}.Release|Any CPU.ActiveCfg = Release|Any CPU
		{2CC8E2FD-DF40-7745-87C3-00C79C001E50}.Release|Any CPU.Build.0 = Release|Any CPU
		{381CFE9E-CB1F-29EA-9F9D-0E8AC02A9FB0}.Debug|Any CPU.ActiveCfg = Debug|Any CPU
		{381CFE9E-CB1F-29EA-9F9D-0E8AC02A9FB0}.Debug|Any CPU.Build.0 = Debug|Any CPU
		{381CFE9E-CB1F-29EA-9F9D-0E8AC02A9FB0}.Release|Any CPU.ActiveCfg = Release|Any CPU
		{381CFE9E-CB1F-29EA-9F9D-0E8AC02A9FB0}.Release|Any CPU.Build.0 = Release|Any CPU
		{13D8B800-0D3C-E97E-1607-536D51EC36B7}.Debug|Any CPU.ActiveCfg = Debug|Any CPU
		{13D8B800-0D3C-E97E-1607-536D51EC36B7}.Debug|Any CPU.Build.0 = Debug|Any CPU
		{13D8B800-0D3C-E97E-1607-536D51EC36B7}.Release|Any CPU.ActiveCfg = Release|Any CPU
		{13D8B800-0D3C-E97E-1607-536D51EC36B7}.Release|Any CPU.Build.0 = Release|Any CPU
		{4B2BF28D-27F1-19D3-D3EF-83F369FC6E07}.Debug|Any CPU.ActiveCfg = Debug|Any CPU
		{4B2BF28D-27F1-19D3-D3EF-83F369FC6E07}.Debug|Any CPU.Build.0 = Debug|Any CPU
		{4B2BF28D-27F1-19D3-D3EF-83F369FC6E07}.Release|Any CPU.ActiveCfg = Release|Any CPU
		{4B2BF28D-27F1-19D3-D3EF-83F369FC6E07}.Release|Any CPU.Build.0 = Release|Any CPU
		{49482AD8-E34C-1D1A-FF20-EE270C035C3E}.Debug|Any CPU.ActiveCfg = Debug|Any CPU
		{49482AD8-E34C-1D1A-FF20-EE270C035C3E}.Debug|Any CPU.Build.0 = Debug|Any CPU
		{49482AD8-E34C-1D1A-FF20-EE270C035C3E}.Release|Any CPU.ActiveCfg = Release|Any CPU
		{49482AD8-E34C-1D1A-FF20-EE270C035C3E}.Release|Any CPU.Build.0 = Release|Any CPU
		{29F76A06-E567-9B32-01C1-DF07F35EB423}.Debug|Any CPU.ActiveCfg = Debug|Any CPU
		{29F76A06-E567-9B32-01C1-DF07F35EB423}.Debug|Any CPU.Build.0 = Debug|Any CPU
		{29F76A06-E567-9B32-01C1-DF07F35EB423}.Release|Any CPU.ActiveCfg = Release|Any CPU
		{29F76A06-E567-9B32-01C1-DF07F35EB423}.Release|Any CPU.Build.0 = Release|Any CPU
		{84925355-D291-93F4-4C4F-3657ECA6E707}.Debug|Any CPU.ActiveCfg = Debug|Any CPU
		{84925355-D291-93F4-4C4F-3657ECA6E707}.Debug|Any CPU.Build.0 = Debug|Any CPU
		{84925355-D291-93F4-4C4F-3657ECA6E707}.Release|Any CPU.ActiveCfg = Release|Any CPU
		{84925355-D291-93F4-4C4F-3657ECA6E707}.Release|Any CPU.Build.0 = Release|Any CPU
		{AC9D9F01-3A20-9F1D-A8BF-C31EC34908F2}.Debug|Any CPU.ActiveCfg = Debug|Any CPU
		{AC9D9F01-3A20-9F1D-A8BF-C31EC34908F2}.Debug|Any CPU.Build.0 = Debug|Any CPU
		{AC9D9F01-3A20-9F1D-A8BF-C31EC34908F2}.Release|Any CPU.ActiveCfg = Release|Any CPU
		{AC9D9F01-3A20-9F1D-A8BF-C31EC34908F2}.Release|Any CPU.Build.0 = Release|Any CPU
		{ED76C248-4DC7-D924-7E32-63015EFD695D}.Debug|Any CPU.ActiveCfg = Debug|Any CPU
		{ED76C248-4DC7-D924-7E32-63015EFD695D}.Debug|Any CPU.Build.0 = Debug|Any CPU
		{ED76C248-4DC7-D924-7E32-63015EFD695D}.Release|Any CPU.ActiveCfg = Release|Any CPU
		{ED76C248-4DC7-D924-7E32-63015EFD695D}.Release|Any CPU.Build.0 = Release|Any CPU
		{1FD8FB6E-9B6A-A25F-F433-17AA3ECF633B}.Debug|Any CPU.ActiveCfg = Debug|Any CPU
		{1FD8FB6E-9B6A-A25F-F433-17AA3ECF633B}.Debug|Any CPU.Build.0 = Debug|Any CPU
		{1FD8FB6E-9B6A-A25F-F433-17AA3ECF633B}.Release|Any CPU.ActiveCfg = Release|Any CPU
		{1FD8FB6E-9B6A-A25F-F433-17AA3ECF633B}.Release|Any CPU.Build.0 = Release|Any CPU
		{BCBF954F-BB62-4B4D-6CE9-A2F0D1409D2B}.Debug|Any CPU.ActiveCfg = Debug|Any CPU
		{BCBF954F-BB62-4B4D-6CE9-A2F0D1409D2B}.Debug|Any CPU.Build.0 = Debug|Any CPU
		{BCBF954F-BB62-4B4D-6CE9-A2F0D1409D2B}.Release|Any CPU.ActiveCfg = Release|Any CPU
		{BCBF954F-BB62-4B4D-6CE9-A2F0D1409D2B}.Release|Any CPU.Build.0 = Release|Any CPU
		{910179DE-62EE-EF9C-C9F0-7EB3FBC02184}.Debug|Any CPU.ActiveCfg = Debug|Any CPU
		{910179DE-62EE-EF9C-C9F0-7EB3FBC02184}.Debug|Any CPU.Build.0 = Debug|Any CPU
		{910179DE-62EE-EF9C-C9F0-7EB3FBC02184}.Release|Any CPU.ActiveCfg = Release|Any CPU
		{910179DE-62EE-EF9C-C9F0-7EB3FBC02184}.Release|Any CPU.Build.0 = Release|Any CPU
		{88E015D5-E091-F384-EAEB-C46C8BF1F9E4}.Debug|Any CPU.ActiveCfg = Debug|Any CPU
		{88E015D5-E091-F384-EAEB-C46C8BF1F9E4}.Debug|Any CPU.Build.0 = Debug|Any CPU
		{88E015D5-E091-F384-EAEB-C46C8BF1F9E4}.Release|Any CPU.ActiveCfg = Release|Any CPU
		{88E015D5-E091-F384-EAEB-C46C8BF1F9E4}.Release|Any CPU.Build.0 = Release|Any CPU
		{8EB2A40D-B37D-9122-90C8-20D1000258B1}.Debug|Any CPU.ActiveCfg = Debug|Any CPU
		{8EB2A40D-B37D-9122-90C8-20D1000258B1}.Debug|Any CPU.Build.0 = Debug|Any CPU
		{8EB2A40D-B37D-9122-90C8-20D1000258B1}.Release|Any CPU.ActiveCfg = Release|Any CPU
		{8EB2A40D-B37D-9122-90C8-20D1000258B1}.Release|Any CPU.Build.0 = Release|Any CPU
		{0E3B17AC-0029-74E1-1976-1A2DE7D4A6D4}.Debug|Any CPU.ActiveCfg = Debug|Any CPU
		{0E3B17AC-0029-74E1-1976-1A2DE7D4A6D4}.Debug|Any CPU.Build.0 = Debug|Any CPU
		{0E3B17AC-0029-74E1-1976-1A2DE7D4A6D4}.Release|Any CPU.ActiveCfg = Release|Any CPU
		{0E3B17AC-0029-74E1-1976-1A2DE7D4A6D4}.Release|Any CPU.Build.0 = Release|Any CPU
		{CC6910C7-0266-8A6F-7AB2-6E51070CD376}.Debug|Any CPU.ActiveCfg = Debug|Any CPU
		{CC6910C7-0266-8A6F-7AB2-6E51070CD376}.Debug|Any CPU.Build.0 = Debug|Any CPU
		{CC6910C7-0266-8A6F-7AB2-6E51070CD376}.Release|Any CPU.ActiveCfg = Release|Any CPU
		{CC6910C7-0266-8A6F-7AB2-6E51070CD376}.Release|Any CPU.Build.0 = Release|Any CPU
	EndGlobalSection
	GlobalSection(SolutionProperties) = preSolution
		HideSolutionNode = FALSE
	EndGlobalSection
EndGlobal
