
Microsoft Visual Studio Solution File, Format Version 12.00
# Visual Studio 15
Project("{FAE04EC0-301F-11D3-BF4B-00C04F79EFBC}") = "UnityEngine.UI", "UnityEngine.UI.csproj", "{0B98CD6B-ECDB-1532-4BAB-2A7014CDC2BB}"
EndProject
Project("{FAE04EC0-301F-11D3-BF4B-00C04F79EFBC}") = "Unity.Services.Core.Telemetry", "Unity.Services.Core.Telemetry.csproj", "{BCC8F2C0-7189-E736-4F7E-0AA6C84FE798}"
EndProject
Project("{FAE04EC0-301F-11D3-BF4B-00C04F79EFBC}") = "FastSpringBone", "FastSpringBone.csproj", "{85664CF3-0820-DFD6-51DF-177709AE8C90}"
EndProject
Project("{FAE04EC0-301F-11D3-BF4B-00C04F79EFBC}") = "UnityEngine.TestRunner", "UnityEngine.TestRunner.csproj", "{FE12AEA5-6CEF-B1F6-26CB-B23112BFDEE6}"
EndProject
Project("{FAE04EC0-301F-11D3-BF4B-00C04F79EFBC}") = "Unity.Services.Core.Internal", "Unity.Services.Core.Internal.csproj", "{525C768A-B6B1-4B4D-BE8A-6DEBFA8D53F5}"
EndProject
Project("{FAE04EC0-301F-11D3-BF4B-00C04F79EFBC}") = "UniGLTF", "UniGLTF.csproj", "{10E7729C-E217-A755-6366-7DE9FFE75895}"
EndProject
Project("{FAE04EC0-301F-11D3-BF4B-00C04F79EFBC}") = "Unity.Timeline", "Unity.Timeline.csproj", "{63C0E162-FB4A-7F5D-0C42-B372FB5DA9F0}"
EndProject
Project("{FAE04EC0-301F-11D3-BF4B-00C04F79EFBC}") = "Assembly-CSharp", "Assembly-CSharp.csproj", "{CD52ABED-55C4-AB2C-F8D3-9FD4B40A6BB6}"
EndProject
Project("{FAE04EC0-301F-11D3-BF4B-00C04F79EFBC}") = "VRM", "VRM.csproj", "{BBEEAB90-253F-41AB-12D9-A9688A5BEA56}"
EndProject
Project("{FAE04EC0-301F-11D3-BF4B-00C04F79EFBC}") = "VRMShaders.GLTF.IO.Runtime", "VRMShaders.GLTF.IO.Runtime.csproj", "{872E27C8-A1C8-4308-762F-82B1CC3DEC75}"
EndProject
Project("{FAE04EC0-301F-11D3-BF4B-00C04F79EFBC}") = "VRMShaders.VRM10.MToon10.Runtime", "VRMShaders.VRM10.MToon10.Runtime.csproj", "{50109435-F646-5356-B113-35DFBB0DCA50}"
EndProject
Project("{FAE04EC0-301F-11D3-BF4B-00C04F79EFBC}") = "Unity.TextMeshPro", "Unity.TextMeshPro.csproj", "{ADD6DC92-8E71-48D9-018D-299664CBC6C3}"
EndProject
Project("{FAE04EC0-301F-11D3-BF4B-00C04F79EFBC}") = "Unity.Services.Core.Environments.Internal", "Unity.Services.Core.Environments.Internal.csproj", "{38F2426D-E2A0-B871-9A3A-5FE0D273B7F6}"
EndProject
Project("{FAE04EC0-301F-11D3-BF4B-00C04F79EFBC}") = "Unity.Services.Core.Configuration", "Unity.Services.Core.Configuration.csproj", "{399B8EE4-D866-0623-93FB-1F02D5FA1439}"
EndProject
Project("{FAE04EC0-301F-11D3-BF4B-00C04F79EFBC}") = "Unity.Services.Core", "Unity.Services.Core.csproj", "{D74449D2-7A51-4865-DDA6-970CB32AEA89}"
EndProject
Project("{FAE04EC0-301F-11D3-BF4B-00C04F79EFBC}") = "Unity.Services.Core.Environments", "Unity.Services.Core.Environments.csproj", "{9B90FFA6-686A-4ED6-6924-F1F3F99A3F3F}"
EndProject
Project("{FAE04EC0-301F-11D3-BF4B-00C04F79EFBC}") = "Unity.Services.Core.Networking", "Unity.Services.Core.Networking.csproj", "{5EF315A7-296D-FB64-B221-396B55B850A3}"
EndProject
Project("{FAE04EC0-301F-11D3-BF4B-00C04F79EFBC}") = "UniHumanoid", "UniHumanoid.csproj", "{63B3C907-85DD-A316-0B65-D31FE4F8D562}"
EndProject
Project("{FAE04EC0-301F-11D3-BF4B-00C04F79EFBC}") = "Unity.Services.Core.Analytics", "Unity.Services.Core.Analytics.csproj", "{0050725E-EEA9-3D9E-0066-965F3427FFF8}"
EndProject
Project("{FAE04EC0-301F-11D3-BF4B-00C04F79EFBC}") = "Unity.Services.Core.Scheduler", "Unity.Services.Core.Scheduler.csproj", "{B53FE385-4239-ECF4-6E55-6E3430068500}"
EndProject
Project("{FAE04EC0-301F-11D3-BF4B-00C04F79EFBC}") = "VRMShaders.GLTF.UniUnlit.Runtime", "VRMShaders.GLTF.UniUnlit.Runtime.csproj", "{474AE3CA-67F3-C516-A3F6-31D749295E92}"
EndProject
Project("{FAE04EC0-301F-11D3-BF4B-00C04F79EFBC}") = "Unity.Services.Core.Registration", "Unity.Services.Core.Registration.csproj", "{01E96330-F07C-EB98-91E4-CE7D3BA5316A}"
EndProject
Project("{FAE04EC0-301F-11D3-BF4B-00C04F79EFBC}") = "Unity.Services.Core.Device", "Unity.Services.Core.Device.csproj", "{1D134420-A713-DFD1-6C21-97C8C0CC0EEF}"
EndProject
Project("{FAE04EC0-301F-11D3-BF4B-00C04F79EFBC}") = "MToon", "MToon.csproj", "{B4DAF34C-359D-7F0C-CA17-1D044B39B923}"
EndProject
Project("{FAE04EC0-301F-11D3-BF4B-00C04F79EFBC}") = "Unity.Services.Core.Threading", "Unity.Services.Core.Threading.csproj", "{F3576755-D503-78FB-9766-27347AC754F9}"
EndProject
Project("{FAE04EC0-301F-11D3-BF4B-00C04F79EFBC}") = "VRMShaders.VRM.IO.Runtime", "VRMShaders.VRM.IO.Runtime.csproj", "{90F5178E-00A5-2C21-1837-518BD29234F5}"
EndProject
Project("{FAE04EC0-301F-11D3-BF4B-00C04F79EFBC}") = "VRMShaders.VRM10.Format.Runtime", "VRMShaders.VRM10.Format.Runtime.csproj", "{C9990085-722C-DAC7-3CFE-661B36741379}"
EndProject
Project("{FAE04EC0-301F-11D3-BF4B-00C04F79EFBC}") = "UniGLTF.Utils", "UniGLTF.Utils.csproj", "{B11C1E73-48F9-E461-9666-9D2BC7B1ABCA}"
EndProject
Project("{FAE04EC0-301F-11D3-BF4B-00C04F79EFBC}") = "UnityEditor.TestRunner", "UnityEditor.TestRunner.csproj", "{AF055B07-98BD-E794-D725-14CBF584D95A}"
EndProject
Project("{FAE04EC0-301F-11D3-BF4B-00C04F79EFBC}") = "Unity.PlasticSCM.Editor", "Unity.PlasticSCM.Editor.csproj", "{0BF89CA1-D789-3A0A-F659-1C827641B9FF}"
EndProject
Project("{FAE04EC0-301F-11D3-BF4B-00C04F79EFBC}") = "VRM.Tests", "VRM.Tests.csproj", "{F3D1BAD3-9C24-828A-4259-4BC0F98920A5}"
EndProject
Project("{FAE04EC0-301F-11D3-BF4B-00C04F79EFBC}") = "UnityEditor.UI", "UnityEditor.UI.csproj", "{8D851D46-2FF4-2022-619B-9AB7787E03D4}"
EndProject
Project("{FAE04EC0-301F-11D3-BF4B-00C04F79EFBC}") = "Unity.VisualStudio.Editor", "Unity.VisualStudio.Editor.csproj", "{E8F6942C-8D7C-8E42-70F0-42DC88BD5102}"
EndProject
Project("{FAE04EC0-301F-11D3-BF4B-00C04F79EFBC}") = "Unity.Timeline.Editor", "Unity.Timeline.Editor.csproj", "{88AA580C-411A-17A1-D30D-93E349980083}"
EndProject
Project("{FAE04EC0-301F-11D3-BF4B-00C04F79EFBC}") = "VRMShaders.GLTF.IO.Tests", "VRMShaders.GLTF.IO.Tests.csproj", "{D8DE25FC-9FEB-1B24-EF98-D483B2292B9A}"
EndProject
Project("{FAE04EC0-301F-11D3-BF4B-00C04F79EFBC}") = "Unity.TextMeshPro.Editor", "Unity.TextMeshPro.Editor.csproj", "{710A9542-7F8E-CB6B-A43B-9E86155E1A79}"
EndProject
Project("{FAE04EC0-301F-11D3-BF4B-00C04F79EFBC}") = "UniGLTF.Tests", "UniGLTF.Tests.csproj", "{BD3F1436-2906-F614-9BD8-01530EA9943A}"
EndProject
Project("{FAE04EC0-301F-11D3-BF4B-00C04F79EFBC}") = "Unity.CollabProxy.Editor", "Unity.CollabProxy.Editor.csproj", "{26E5943B-8132-C2B9-2081-3834B112F5C3}"
EndProject
Project("{FAE04EC0-301F-11D3-BF4B-00C04F79EFBC}") = "Unity.Services.Core.Editor", "Unity.Services.Core.Editor.csproj", "{E0D690EC-1FFB-A79E-5165-271401A67A9B}"
EndProject
Project("{FAE04EC0-301F-11D3-BF4B-00C04F79EFBC}") = "Unity.Rider.Editor", "Unity.Rider.Editor.csproj", "{7A1D794E-2870-4224-5C9A-8C3A8F2FDC54}"
EndProject
Project("{FAE04EC0-301F-11D3-BF4B-00C04F79EFBC}") = "UniGLTF.Editor", "UniGLTF.Editor.csproj", "{57EA2CD1-B14D-A309-FCD3-C6B0B27C9AD8}"
EndProject
Project("{FAE04EC0-301F-11D3-BF4B-00C04F79EFBC}") = "UniVRM.Editor", "UniVRM.Editor.csproj", "{8D39D635-CB1B-5905-AA17-48EBD2455320}"
EndProject
Project("{FAE04EC0-301F-11D3-BF4B-00C04F79EFBC}") = "VRMShaders.GLTF.UniUnlit.Editor", "VRMShaders.GLTF.UniUnlit.Editor.csproj", "{DB80CD7E-63CC-F1D7-5932-F5264AF22B36}"
EndProject
Project("{FAE04EC0-301F-11D3-BF4B-00C04F79EFBC}") = "Assembly-CSharp-Editor", "Assembly-CSharp-Editor.csproj", "{D83D6841-4FB1-E368-D36F-2B27C5344D8F}"
EndProject
Project("{FAE04EC0-301F-11D3-BF4B-00C04F79EFBC}") = "UniHumanoid.Editor", "UniHumanoid.Editor.csproj", "{180CDD54-8F09-4940-529C-14B047FA3D9C}"
EndProject
Project("{FAE04EC0-301F-11D3-BF4B-00C04F79EFBC}") = "Unity.VSCode.Editor", "Unity.VSCode.Editor.csproj", "{B6969AF4-0065-0AD7-EFA8-6392F92DB722}"
EndProject
Project("{FAE04EC0-301F-11D3-BF4B-00C04F79EFBC}") = "Unity.Services.Core.Configuration.Editor", "Unity.Services.Core.Configuration.Editor.csproj", "{FC2223E9-D16B-0EFE-E97B-715BFDC76765}"
EndProject
Project("{FAE04EC0-301F-11D3-BF4B-00C04F79EFBC}") = "VRMShaders.VRM10.MToon10.Tests", "VRMShaders.VRM10.MToon10.Tests.csproj", "{E514D767-6E32-1E81-D86B-53DF2E0B9953}"
EndProject
Project("{FAE04EC0-301F-11D3-BF4B-00C04F79EFBC}") = "VRMShaders.VRM10.MToon10.Editor", "VRMShaders.VRM10.MToon10.Editor.csproj", "{58B11D94-98C4-9C35-44AC-32D9256F8D03}"
EndProject
Project("{FAE04EC0-301F-11D3-BF4B-00C04F79EFBC}") = "UniHumanoid.Editor.Tests", "UniHumanoid.Editor.Tests.csproj", "{D63718DD-733A-4F09-DA97-ABC597DFD4DF}"
EndProject
Project("{FAE04EC0-301F-11D3-BF4B-00C04F79EFBC}") = "MToon.Editor", "MToon.Editor.csproj", "{44EEF6E9-57F3-6963-42ED-F68383C4B3C1}"
EndProject
Project("{FAE04EC0-301F-11D3-BF4B-00C04F79EFBC}") = "VRM.Samples.Editor.Tests", "VRM.Samples.Editor.Tests.csproj", "{AABF75A1-BABF-EAA6-C8FF-59436B2CC46F}"
EndProject
Project("{FAE04EC0-301F-11D3-BF4B-00C04F79EFBC}") = "VRMShaders.GLTF.IO.Editor", "VRMShaders.GLTF.IO.Editor.csproj", "{E47ACE82-F12F-F1CD-A1A4-BD4B31C2AFED}"
EndProject
Global
	GlobalSection(SolutionConfigurationPlatforms) = preSolution
		Debug|Any CPU = Debug|Any CPU
		Release|Any CPU = Release|Any CPU
	EndGlobalSection
	GlobalSection(ProjectConfigurationPlatforms) = postSolution
		{0B98CD6B-ECDB-1532-4BAB-2A7014CDC2BB}.Debug|Any CPU.ActiveCfg = Debug|Any CPU
		{0B98CD6B-ECDB-1532-4BAB-2A7014CDC2BB}.Debug|Any CPU.Build.0 = Debug|Any CPU
		{0B98CD6B-ECDB-1532-4BAB-2A7014CDC2BB}.Release|Any CPU.ActiveCfg = Release|Any CPU
		{0B98CD6B-ECDB-1532-4BAB-2A7014CDC2BB}.Release|Any CPU.Build.0 = Release|Any CPU
		{BCC8F2C0-7189-E736-4F7E-0AA6C84FE798}.Debug|Any CPU.ActiveCfg = Debug|Any CPU
		{BCC8F2C0-7189-E736-4F7E-0AA6C84FE798}.Debug|Any CPU.Build.0 = Debug|Any CPU
		{BCC8F2C0-7189-E736-4F7E-0AA6C84FE798}.Release|Any CPU.ActiveCfg = Release|Any CPU
		{BCC8F2C0-7189-E736-4F7E-0AA6C84FE798}.Release|Any CPU.Build.0 = Release|Any CPU
		{85664CF3-0820-DFD6-51DF-177709AE8C90}.Debug|Any CPU.ActiveCfg = Debug|Any CPU
		{85664CF3-0820-DFD6-51DF-177709AE8C90}.Debug|Any CPU.Build.0 = Debug|Any CPU
		{85664CF3-0820-DFD6-51DF-177709AE8C90}.Release|Any CPU.ActiveCfg = Release|Any CPU
		{85664CF3-0820-DFD6-51DF-177709AE8C90}.Release|Any CPU.Build.0 = Release|Any CPU
		{FE12AEA5-6CEF-B1F6-26CB-B23112BFDEE6}.Debug|Any CPU.ActiveCfg = Debug|Any CPU
		{FE12AEA5-6CEF-B1F6-26CB-B23112BFDEE6}.Debug|Any CPU.Build.0 = Debug|Any CPU
		{FE12AEA5-6CEF-B1F6-26CB-B23112BFDEE6}.Release|Any CPU.ActiveCfg = Release|Any CPU
		{FE12AEA5-6CEF-B1F6-26CB-B23112BFDEE6}.Release|Any CPU.Build.0 = Release|Any CPU
		{525C768A-B6B1-4B4D-BE8A-6DEBFA8D53F5}.Debug|Any CPU.ActiveCfg = Debug|Any CPU
		{525C768A-B6B1-4B4D-BE8A-6DEBFA8D53F5}.Debug|Any CPU.Build.0 = Debug|Any CPU
		{525C768A-B6B1-4B4D-BE8A-6DEBFA8D53F5}.Release|Any CPU.ActiveCfg = Release|Any CPU
		{525C768A-B6B1-4B4D-BE8A-6DEBFA8D53F5}.Release|Any CPU.Build.0 = Release|Any CPU
		{10E7729C-E217-A755-6366-7DE9FFE75895}.Debug|Any CPU.ActiveCfg = Debug|Any CPU
		{10E7729C-E217-A755-6366-7DE9FFE75895}.Debug|Any CPU.Build.0 = Debug|Any CPU
		{10E7729C-E217-A755-6366-7DE9FFE75895}.Release|Any CPU.ActiveCfg = Release|Any CPU
		{10E7729C-E217-A755-6366-7DE9FFE75895}.Release|Any CPU.Build.0 = Release|Any CPU
		{63C0E162-FB4A-7F5D-0C42-B372FB5DA9F0}.Debug|Any CPU.ActiveCfg = Debug|Any CPU
		{63C0E162-FB4A-7F5D-0C42-B372FB5DA9F0}.Debug|Any CPU.Build.0 = Debug|Any CPU
		{63C0E162-FB4A-7F5D-0C42-B372FB5DA9F0}.Release|Any CPU.ActiveCfg = Release|Any CPU
		{63C0E162-FB4A-7F5D-0C42-B372FB5DA9F0}.Release|Any CPU.Build.0 = Release|Any CPU
		{CD52ABED-55C4-AB2C-F8D3-9FD4B40A6BB6}.Debug|Any CPU.ActiveCfg = Debug|Any CPU
		{CD52ABED-55C4-AB2C-F8D3-9FD4B40A6BB6}.Debug|Any CPU.Build.0 = Debug|Any CPU
		{CD52ABED-55C4-AB2C-F8D3-9FD4B40A6BB6}.Release|Any CPU.ActiveCfg = Release|Any CPU
		{CD52ABED-55C4-AB2C-F8D3-9FD4B40A6BB6}.Release|Any CPU.Build.0 = Release|Any CPU
		{BBEEAB90-253F-41AB-12D9-A9688A5BEA56}.Debug|Any CPU.ActiveCfg = Debug|Any CPU
		{BBEEAB90-253F-41AB-12D9-A9688A5BEA56}.Debug|Any CPU.Build.0 = Debug|Any CPU
		{BBEEAB90-253F-41AB-12D9-A9688A5BEA56}.Release|Any CPU.ActiveCfg = Release|Any CPU
		{BBEEAB90-253F-41AB-12D9-A9688A5BEA56}.Release|Any CPU.Build.0 = Release|Any CPU
		{872E27C8-A1C8-4308-762F-82B1CC3DEC75}.Debug|Any CPU.ActiveCfg = Debug|Any CPU
		{872E27C8-A1C8-4308-762F-82B1CC3DEC75}.Debug|Any CPU.Build.0 = Debug|Any CPU
		{872E27C8-A1C8-4308-762F-82B1CC3DEC75}.Release|Any CPU.ActiveCfg = Release|Any CPU
		{872E27C8-A1C8-4308-762F-82B1CC3DEC75}.Release|Any CPU.Build.0 = Release|Any CPU
		{50109435-F646-5356-B113-35DFBB0DCA50}.Debug|Any CPU.ActiveCfg = Debug|Any CPU
		{50109435-F646-5356-B113-35DFBB0DCA50}.Debug|Any CPU.Build.0 = Debug|Any CPU
		{50109435-F646-5356-B113-35DFBB0DCA50}.Release|Any CPU.ActiveCfg = Release|Any CPU
		{50109435-F646-5356-B113-35DFBB0DCA50}.Release|Any CPU.Build.0 = Release|Any CPU
		{ADD6DC92-8E71-48D9-018D-299664CBC6C3}.Debug|Any CPU.ActiveCfg = Debug|Any CPU
		{ADD6DC92-8E71-48D9-018D-299664CBC6C3}.Debug|Any CPU.Build.0 = Debug|Any CPU
		{ADD6DC92-8E71-48D9-018D-299664CBC6C3}.Release|Any CPU.ActiveCfg = Release|Any CPU
		{ADD6DC92-8E71-48D9-018D-299664CBC6C3}.Release|Any CPU.Build.0 = Release|Any CPU
		{38F2426D-E2A0-B871-9A3A-5FE0D273B7F6}.Debug|Any CPU.ActiveCfg = Debug|Any CPU
		{38F2426D-E2A0-B871-9A3A-5FE0D273B7F6}.Debug|Any CPU.Build.0 = Debug|Any CPU
		{38F2426D-E2A0-B871-9A3A-5FE0D273B7F6}.Release|Any CPU.ActiveCfg = Release|Any CPU
		{38F2426D-E2A0-B871-9A3A-5FE0D273B7F6}.Release|Any CPU.Build.0 = Release|Any CPU
		{399B8EE4-D866-0623-93FB-1F02D5FA1439}.Debug|Any CPU.ActiveCfg = Debug|Any CPU
		{399B8EE4-D866-0623-93FB-1F02D5FA1439}.Debug|Any CPU.Build.0 = Debug|Any CPU
		{399B8EE4-D866-0623-93FB-1F02D5FA1439}.Release|Any CPU.ActiveCfg = Release|Any CPU
		{399B8EE4-D866-0623-93FB-1F02D5FA1439}.Release|Any CPU.Build.0 = Release|Any CPU
		{D74449D2-7A51-4865-DDA6-970CB32AEA89}.Debug|Any CPU.ActiveCfg = Debug|Any CPU
		{D74449D2-7A51-4865-DDA6-970CB32AEA89}.Debug|Any CPU.Build.0 = Debug|Any CPU
		{D74449D2-7A51-4865-DDA6-970CB32AEA89}.Release|Any CPU.ActiveCfg = Release|Any CPU
		{D74449D2-7A51-4865-DDA6-970CB32AEA89}.Release|Any CPU.Build.0 = Release|Any CPU
		{9B90FFA6-686A-4ED6-6924-F1F3F99A3F3F}.Debug|Any CPU.ActiveCfg = Debug|Any CPU
		{9B90FFA6-686A-4ED6-6924-F1F3F99A3F3F}.Debug|Any CPU.Build.0 = Debug|Any CPU
		{9B90FFA6-686A-4ED6-6924-F1F3F99A3F3F}.Release|Any CPU.ActiveCfg = Release|Any CPU
		{9B90FFA6-686A-4ED6-6924-F1F3F99A3F3F}.Release|Any CPU.Build.0 = Release|Any CPU
		{5EF315A7-296D-FB64-B221-396B55B850A3}.Debug|Any CPU.ActiveCfg = Debug|Any CPU
		{5EF315A7-296D-FB64-B221-396B55B850A3}.Debug|Any CPU.Build.0 = Debug|Any CPU
		{5EF315A7-296D-FB64-B221-396B55B850A3}.Release|Any CPU.ActiveCfg = Release|Any CPU
		{5EF315A7-296D-FB64-B221-396B55B850A3}.Release|Any CPU.Build.0 = Release|Any CPU
		{63B3C907-85DD-A316-0B65-D31FE4F8D562}.Debug|Any CPU.ActiveCfg = Debug|Any CPU
		{63B3C907-85DD-A316-0B65-D31FE4F8D562}.Debug|Any CPU.Build.0 = Debug|Any CPU
		{63B3C907-85DD-A316-0B65-D31FE4F8D562}.Release|Any CPU.ActiveCfg = Release|Any CPU
		{63B3C907-85DD-A316-0B65-D31FE4F8D562}.Release|Any CPU.Build.0 = Release|Any CPU
		{0050725E-EEA9-3D9E-0066-965F3427FFF8}.Debug|Any CPU.ActiveCfg = Debug|Any CPU
		{0050725E-EEA9-3D9E-0066-965F3427FFF8}.Debug|Any CPU.Build.0 = Debug|Any CPU
		{0050725E-EEA9-3D9E-0066-965F3427FFF8}.Release|Any CPU.ActiveCfg = Release|Any CPU
		{0050725E-EEA9-3D9E-0066-965F3427FFF8}.Release|Any CPU.Build.0 = Release|Any CPU
		{B53FE385-4239-ECF4-6E55-6E3430068500}.Debug|Any CPU.ActiveCfg = Debug|Any CPU
		{B53FE385-4239-ECF4-6E55-6E3430068500}.Debug|Any CPU.Build.0 = Debug|Any CPU
		{B53FE385-4239-ECF4-6E55-6E3430068500}.Release|Any CPU.ActiveCfg = Release|Any CPU
		{B53FE385-4239-ECF4-6E55-6E3430068500}.Release|Any CPU.Build.0 = Release|Any CPU
		{474AE3CA-67F3-C516-A3F6-31D749295E92}.Debug|Any CPU.ActiveCfg = Debug|Any CPU
		{474AE3CA-67F3-C516-A3F6-31D749295E92}.Debug|Any CPU.Build.0 = Debug|Any CPU
		{474AE3CA-67F3-C516-A3F6-31D749295E92}.Release|Any CPU.ActiveCfg = Release|Any CPU
		{474AE3CA-67F3-C516-A3F6-31D749295E92}.Release|Any CPU.Build.0 = Release|Any CPU
		{01E96330-F07C-EB98-91E4-CE7D3BA5316A}.Debug|Any CPU.ActiveCfg = Debug|Any CPU
		{01E96330-F07C-EB98-91E4-CE7D3BA5316A}.Debug|Any CPU.Build.0 = Debug|Any CPU
		{01E96330-F07C-EB98-91E4-CE7D3BA5316A}.Release|Any CPU.ActiveCfg = Release|Any CPU
		{01E96330-F07C-EB98-91E4-CE7D3BA5316A}.Release|Any CPU.Build.0 = Release|Any CPU
		{1D134420-A713-DFD1-6C21-97C8C0CC0EEF}.Debug|Any CPU.ActiveCfg = Debug|Any CPU
		{1D134420-A713-DFD1-6C21-97C8C0CC0EEF}.Debug|Any CPU.Build.0 = Debug|Any CPU
		{1D134420-A713-DFD1-6C21-97C8C0CC0EEF}.Release|Any CPU.ActiveCfg = Release|Any CPU
		{1D134420-A713-DFD1-6C21-97C8C0CC0EEF}.Release|Any CPU.Build.0 = Release|Any CPU
		{B4DAF34C-359D-7F0C-CA17-1D044B39B923}.Debug|Any CPU.ActiveCfg = Debug|Any CPU
		{B4DAF34C-359D-7F0C-CA17-1D044B39B923}.Debug|Any CPU.Build.0 = Debug|Any CPU
		{B4DAF34C-359D-7F0C-CA17-1D044B39B923}.Release|Any CPU.ActiveCfg = Release|Any CPU
		{B4DAF34C-359D-7F0C-CA17-1D044B39B923}.Release|Any CPU.Build.0 = Release|Any CPU
		{F3576755-D503-78FB-9766-27347AC754F9}.Debug|Any CPU.ActiveCfg = Debug|Any CPU
		{F3576755-D503-78FB-9766-27347AC754F9}.Debug|Any CPU.Build.0 = Debug|Any CPU
		{F3576755-D503-78FB-9766-27347AC754F9}.Release|Any CPU.ActiveCfg = Release|Any CPU
		{F3576755-D503-78FB-9766-27347AC754F9}.Release|Any CPU.Build.0 = Release|Any CPU
		{90F5178E-00A5-2C21-1837-518BD29234F5}.Debug|Any CPU.ActiveCfg = Debug|Any CPU
		{90F5178E-00A5-2C21-1837-518BD29234F5}.Debug|Any CPU.Build.0 = Debug|Any CPU
		{90F5178E-00A5-2C21-1837-518BD29234F5}.Release|Any CPU.ActiveCfg = Release|Any CPU
		{90F5178E-00A5-2C21-1837-518BD29234F5}.Release|Any CPU.Build.0 = Release|Any CPU
		{C9990085-722C-DAC7-3CFE-661B36741379}.Debug|Any CPU.ActiveCfg = Debug|Any CPU
		{C9990085-722C-DAC7-3CFE-661B36741379}.Debug|Any CPU.Build.0 = Debug|Any CPU
		{C9990085-722C-DAC7-3CFE-661B36741379}.Release|Any CPU.ActiveCfg = Release|Any CPU
		{C9990085-722C-DAC7-3CFE-661B36741379}.Release|Any CPU.Build.0 = Release|Any CPU
		{B11C1E73-48F9-E461-9666-9D2BC7B1ABCA}.Debug|Any CPU.ActiveCfg = Debug|Any CPU
		{B11C1E73-48F9-E461-9666-9D2BC7B1ABCA}.Debug|Any CPU.Build.0 = Debug|Any CPU
		{B11C1E73-48F9-E461-9666-9D2BC7B1ABCA}.Release|Any CPU.ActiveCfg = Release|Any CPU
		{B11C1E73-48F9-E461-9666-9D2BC7B1ABCA}.Release|Any CPU.Build.0 = Release|Any CPU
		{AF055B07-98BD-E794-D725-14CBF584D95A}.Debug|Any CPU.ActiveCfg = Debug|Any CPU
		{AF055B07-98BD-E794-D725-14CBF584D95A}.Debug|Any CPU.Build.0 = Debug|Any CPU
		{AF055B07-98BD-E794-D725-14CBF584D95A}.Release|Any CPU.ActiveCfg = Release|Any CPU
		{AF055B07-98BD-E794-D725-14CBF584D95A}.Release|Any CPU.Build.0 = Release|Any CPU
		{0BF89CA1-D789-3A0A-F659-1C827641B9FF}.Debug|Any CPU.ActiveCfg = Debug|Any CPU
		{0BF89CA1-D789-3A0A-F659-1C827641B9FF}.Debug|Any CPU.Build.0 = Debug|Any CPU
		{0BF89CA1-D789-3A0A-F659-1C827641B9FF}.Release|Any CPU.ActiveCfg = Release|Any CPU
		{0BF89CA1-D789-3A0A-F659-1C827641B9FF}.Release|Any CPU.Build.0 = Release|Any CPU
		{F3D1BAD3-9C24-828A-4259-4BC0F98920A5}.Debug|Any CPU.ActiveCfg = Debug|Any CPU
		{F3D1BAD3-9C24-828A-4259-4BC0F98920A5}.Debug|Any CPU.Build.0 = Debug|Any CPU
		{F3D1BAD3-9C24-828A-4259-4BC0F98920A5}.Release|Any CPU.ActiveCfg = Release|Any CPU
		{F3D1BAD3-9C24-828A-4259-4BC0F98920A5}.Release|Any CPU.Build.0 = Release|Any CPU
		{8D851D46-2FF4-2022-619B-9AB7787E03D4}.Debug|Any CPU.ActiveCfg = Debug|Any CPU
		{8D851D46-2FF4-2022-619B-9AB7787E03D4}.Debug|Any CPU.Build.0 = Debug|Any CPU
		{8D851D46-2FF4-2022-619B-9AB7787E03D4}.Release|Any CPU.ActiveCfg = Release|Any CPU
		{8D851D46-2FF4-2022-619B-9AB7787E03D4}.Release|Any CPU.Build.0 = Release|Any CPU
		{E8F6942C-8D7C-8E42-70F0-42DC88BD5102}.Debug|Any CPU.ActiveCfg = Debug|Any CPU
		{E8F6942C-8D7C-8E42-70F0-42DC88BD5102}.Debug|Any CPU.Build.0 = Debug|Any CPU
		{E8F6942C-8D7C-8E42-70F0-42DC88BD5102}.Release|Any CPU.ActiveCfg = Release|Any CPU
		{E8F6942C-8D7C-8E42-70F0-42DC88BD5102}.Release|Any CPU.Build.0 = Release|Any CPU
		{88AA580C-411A-17A1-D30D-93E349980083}.Debug|Any CPU.ActiveCfg = Debug|Any CPU
		{88AA580C-411A-17A1-D30D-93E349980083}.Debug|Any CPU.Build.0 = Debug|Any CPU
		{88AA580C-411A-17A1-D30D-93E349980083}.Release|Any CPU.ActiveCfg = Release|Any CPU
		{88AA580C-411A-17A1-D30D-93E349980083}.Release|Any CPU.Build.0 = Release|Any CPU
		{D8DE25FC-9FEB-1B24-EF98-D483B2292B9A}.Debug|Any CPU.ActiveCfg = Debug|Any CPU
		{D8DE25FC-9FEB-1B24-EF98-D483B2292B9A}.Debug|Any CPU.Build.0 = Debug|Any CPU
		{D8DE25FC-9FEB-1B24-EF98-D483B2292B9A}.Release|Any CPU.ActiveCfg = Release|Any CPU
		{D8DE25FC-9FEB-1B24-EF98-D483B2292B9A}.Release|Any CPU.Build.0 = Release|Any CPU
		{710A9542-7F8E-CB6B-A43B-9E86155E1A79}.Debug|Any CPU.ActiveCfg = Debug|Any CPU
		{710A9542-7F8E-CB6B-A43B-9E86155E1A79}.Debug|Any CPU.Build.0 = Debug|Any CPU
		{710A9542-7F8E-CB6B-A43B-9E86155E1A79}.Release|Any CPU.ActiveCfg = Release|Any CPU
		{710A9542-7F8E-CB6B-A43B-9E86155E1A79}.Release|Any CPU.Build.0 = Release|Any CPU
		{BD3F1436-2906-F614-9BD8-01530EA9943A}.Debug|Any CPU.ActiveCfg = Debug|Any CPU
		{BD3F1436-2906-F614-9BD8-01530EA9943A}.Debug|Any CPU.Build.0 = Debug|Any CPU
		{BD3F1436-2906-F614-9BD8-01530EA9943A}.Release|Any CPU.ActiveCfg = Release|Any CPU
		{BD3F1436-2906-F614-9BD8-01530EA9943A}.Release|Any CPU.Build.0 = Release|Any CPU
		{26E5943B-8132-C2B9-2081-3834B112F5C3}.Debug|Any CPU.ActiveCfg = Debug|Any CPU
		{26E5943B-8132-C2B9-2081-3834B112F5C3}.Debug|Any CPU.Build.0 = Debug|Any CPU
		{26E5943B-8132-C2B9-2081-3834B112F5C3}.Release|Any CPU.ActiveCfg = Release|Any CPU
		{26E5943B-8132-C2B9-2081-3834B112F5C3}.Release|Any CPU.Build.0 = Release|Any CPU
		{E0D690EC-1FFB-A79E-5165-271401A67A9B}.Debug|Any CPU.ActiveCfg = Debug|Any CPU
		{E0D690EC-1FFB-A79E-5165-271401A67A9B}.Debug|Any CPU.Build.0 = Debug|Any CPU
		{E0D690EC-1FFB-A79E-5165-271401A67A9B}.Release|Any CPU.ActiveCfg = Release|Any CPU
		{E0D690EC-1FFB-A79E-5165-271401A67A9B}.Release|Any CPU.Build.0 = Release|Any CPU
		{7A1D794E-2870-4224-5C9A-8C3A8F2FDC54}.Debug|Any CPU.ActiveCfg = Debug|Any CPU
		{7A1D794E-2870-4224-5C9A-8C3A8F2FDC54}.Debug|Any CPU.Build.0 = Debug|Any CPU
		{7A1D794E-2870-4224-5C9A-8C3A8F2FDC54}.Release|Any CPU.ActiveCfg = Release|Any CPU
		{7A1D794E-2870-4224-5C9A-8C3A8F2FDC54}.Release|Any CPU.Build.0 = Release|Any CPU
		{57EA2CD1-B14D-A309-FCD3-C6B0B27C9AD8}.Debug|Any CPU.ActiveCfg = Debug|Any CPU
		{57EA2CD1-B14D-A309-FCD3-C6B0B27C9AD8}.Debug|Any CPU.Build.0 = Debug|Any CPU
		{57EA2CD1-B14D-A309-FCD3-C6B0B27C9AD8}.Release|Any CPU.ActiveCfg = Release|Any CPU
		{57EA2CD1-B14D-A309-FCD3-C6B0B27C9AD8}.Release|Any CPU.Build.0 = Release|Any CPU
		{8D39D635-CB1B-5905-AA17-48EBD2455320}.Debug|Any CPU.ActiveCfg = Debug|Any CPU
		{8D39D635-CB1B-5905-AA17-48EBD2455320}.Debug|Any CPU.Build.0 = Debug|Any CPU
		{8D39D635-CB1B-5905-AA17-48EBD2455320}.Release|Any CPU.ActiveCfg = Release|Any CPU
		{8D39D635-CB1B-5905-AA17-48EBD2455320}.Release|Any CPU.Build.0 = Release|Any CPU
		{DB80CD7E-63CC-F1D7-5932-F5264AF22B36}.Debug|Any CPU.ActiveCfg = Debug|Any CPU
		{DB80CD7E-63CC-F1D7-5932-F5264AF22B36}.Debug|Any CPU.Build.0 = Debug|Any CPU
		{DB80CD7E-63CC-F1D7-5932-F5264AF22B36}.Release|Any CPU.ActiveCfg = Release|Any CPU
		{DB80CD7E-63CC-F1D7-5932-F5264AF22B36}.Release|Any CPU.Build.0 = Release|Any CPU
		{D83D6841-4FB1-E368-D36F-2B27C5344D8F}.Debug|Any CPU.ActiveCfg = Debug|Any CPU
		{D83D6841-4FB1-E368-D36F-2B27C5344D8F}.Debug|Any CPU.Build.0 = Debug|Any CPU
		{D83D6841-4FB1-E368-D36F-2B27C5344D8F}.Release|Any CPU.ActiveCfg = Release|Any CPU
		{D83D6841-4FB1-E368-D36F-2B27C5344D8F}.Release|Any CPU.Build.0 = Release|Any CPU
		{180CDD54-8F09-4940-529C-14B047FA3D9C}.Debug|Any CPU.ActiveCfg = Debug|Any CPU
		{180CDD54-8F09-4940-529C-14B047FA3D9C}.Debug|Any CPU.Build.0 = Debug|Any CPU
		{180CDD54-8F09-4940-529C-14B047FA3D9C}.Release|Any CPU.ActiveCfg = Release|Any CPU
		{180CDD54-8F09-4940-529C-14B047FA3D9C}.Release|Any CPU.Build.0 = Release|Any CPU
		{B6969AF4-0065-0AD7-EFA8-6392F92DB722}.Debug|Any CPU.ActiveCfg = Debug|Any CPU
		{B6969AF4-0065-0AD7-EFA8-6392F92DB722}.Debug|Any CPU.Build.0 = Debug|Any CPU
		{B6969AF4-0065-0AD7-EFA8-6392F92DB722}.Release|Any CPU.ActiveCfg = Release|Any CPU
		{B6969AF4-0065-0AD7-EFA8-6392F92DB722}.Release|Any CPU.Build.0 = Release|Any CPU
		{FC2223E9-D16B-0EFE-E97B-715BFDC76765}.Debug|Any CPU.ActiveCfg = Debug|Any CPU
		{FC2223E9-D16B-0EFE-E97B-715BFDC76765}.Debug|Any CPU.Build.0 = Debug|Any CPU
		{FC2223E9-D16B-0EFE-E97B-715BFDC76765}.Release|Any CPU.ActiveCfg = Release|Any CPU
		{FC2223E9-D16B-0EFE-E97B-715BFDC76765}.Release|Any CPU.Build.0 = Release|Any CPU
		{E514D767-6E32-1E81-D86B-53DF2E0B9953}.Debug|Any CPU.ActiveCfg = Debug|Any CPU
		{E514D767-6E32-1E81-D86B-53DF2E0B9953}.Debug|Any CPU.Build.0 = Debug|Any CPU
		{E514D767-6E32-1E81-D86B-53DF2E0B9953}.Release|Any CPU.ActiveCfg = Release|Any CPU
		{E514D767-6E32-1E81-D86B-53DF2E0B9953}.Release|Any CPU.Build.0 = Release|Any CPU
		{58B11D94-98C4-9C35-44AC-32D9256F8D03}.Debug|Any CPU.ActiveCfg = Debug|Any CPU
		{58B11D94-98C4-9C35-44AC-32D9256F8D03}.Debug|Any CPU.Build.0 = Debug|Any CPU
		{58B11D94-98C4-9C35-44AC-32D9256F8D03}.Release|Any CPU.ActiveCfg = Release|Any CPU
		{58B11D94-98C4-9C35-44AC-32D9256F8D03}.Release|Any CPU.Build.0 = Release|Any CPU
		{D63718DD-733A-4F09-DA97-ABC597DFD4DF}.Debug|Any CPU.ActiveCfg = Debug|Any CPU
		{D63718DD-733A-4F09-DA97-ABC597DFD4DF}.Debug|Any CPU.Build.0 = Debug|Any CPU
		{D63718DD-733A-4F09-DA97-ABC597DFD4DF}.Release|Any CPU.ActiveCfg = Release|Any CPU
		{D63718DD-733A-4F09-DA97-ABC597DFD4DF}.Release|Any CPU.Build.0 = Release|Any CPU
		{44EEF6E9-57F3-6963-42ED-F68383C4B3C1}.Debug|Any CPU.ActiveCfg = Debug|Any CPU
		{44EEF6E9-57F3-6963-42ED-F68383C4B3C1}.Debug|Any CPU.Build.0 = Debug|Any CPU
		{44EEF6E9-57F3-6963-42ED-F68383C4B3C1}.Release|Any CPU.ActiveCfg = Release|Any CPU
		{44EEF6E9-57F3-6963-42ED-F68383C4B3C1}.Release|Any CPU.Build.0 = Release|Any CPU
		{AABF75A1-BABF-EAA6-C8FF-59436B2CC46F}.Debug|Any CPU.ActiveCfg = Debug|Any CPU
		{AABF75A1-BABF-EAA6-C8FF-59436B2CC46F}.Debug|Any CPU.Build.0 = Debug|Any CPU
		{AABF75A1-BABF-EAA6-C8FF-59436B2CC46F}.Release|Any CPU.ActiveCfg = Release|Any CPU
		{AABF75A1-BABF-EAA6-C8FF-59436B2CC46F}.Release|Any CPU.Build.0 = Release|Any CPU
		{E47ACE82-F12F-F1CD-A1A4-BD4B31C2AFED}.Debug|Any CPU.ActiveCfg = Debug|Any CPU
		{E47ACE82-F12F-F1CD-A1A4-BD4B31C2AFED}.Debug|Any CPU.Build.0 = Debug|Any CPU
		{E47ACE82-F12F-F1CD-A1A4-BD4B31C2AFED}.Release|Any CPU.ActiveCfg = Release|Any CPU
		{E47ACE82-F12F-F1CD-A1A4-BD4B31C2AFED}.Release|Any CPU.Build.0 = Release|Any CPU
	EndGlobalSection
	GlobalSection(SolutionProperties) = preSolution
		HideSolutionNode = FALSE
	EndGlobalSection
EndGlobal
